aiodns==2.0.0
bleach==3.3.0
certifi==2020.12.5
cffi==1.14.4
chardet==4.0.0
colorama==0.4.4
cryptography==3.4.3
docutils==0.16
DoubleRatchet==0.7.0
emoji-country-flag==1.2.3
idna==2.10
jeepney==0.6.0
keyring==22.0.1
OMEMO==0.12.0
omemo-backend-signal==0.2.6
packaging==20.9
pip==20.0.2
pkg-resources==0.0.0
pkginfo==1.7.0
protobuf==3.14.0
pyasn1==0.4.8
pyasn1-modules==0.2.8
pycares==3.1.1
pycparser==2.20
Pygments==2.7.4
PyNaCl==1.4.0
pyparsing==2.4.7
python-i18n==0.3.9
PyYAML==5.4.1
readme-renderer==28.0
requests==2.25.1
requests-toolbelt==0.9.1
rfc3986==1.4.0
SecretStorage==3.3.1
setuptools==44.0.0
setuptools-scm==5.0.1
six==1.15.0
slixmpp==1.7.0
slixmpp-omemo==0.4.0
tqdm==4.56.0
twine==3.3.0
urllib3==1.26.3
webencodings==0.5.1
wheel==0.36.2
X3DH==0.5.9
XEdDSA==0.4.7
